
Microsoft Visual Studio Solution File, Format Version 12.00
# Visual Studio Version 17
VisualStudioVersion = 17.4.33213.308
MinimumVisualStudioVersion = 10.0.40219.1
Project("{FAE04EC0-301F-11D3-BF4B-00C04F79EFBC}") = "Email-UC5", "Email-UC5\Email-UC5.csproj", "{835A6F13-E3B0-4B44-8ACB-C12A098A89D7}"
EndProject
Global
	GlobalSection(SolutionConfigurationPlatforms) = preSolution
		Debug|Any CPU = Debug|Any CPU
		Release|Any CPU = Release|Any CPU
	EndGlobalSection
	GlobalSection(ProjectConfigurationPlatforms) = postSolution
		{835A6F13-E3B0-4B44-8ACB-C12A098A89D7}.Debug|Any CPU.ActiveCfg = Debug|Any CPU
		{835A6F13-E3B0-4B44-8ACB-C12A098A89D7}.Debug|Any CPU.Build.0 = Debug|Any CPU
		{835A6F13-E3B0-4B44-8ACB-C12A098A89D7}.Release|Any CPU.ActiveCfg = Release|Any CPU
		{835A6F13-E3B0-4B44-8ACB-C12A098A89D7}.Release|Any CPU.Build.0 = Release|Any CPU
	EndGlobalSection
	GlobalSection(SolutionProperties) = preSolution
		HideSolutionNode = FALSE
	EndGlobalSection
	GlobalSection(ExtensibilityGlobals) = postSolution
		SolutionGuid = {1B49EE04-E54B-41FE-88C8-8FBF6BD1D070}
	EndGlobalSection
EndGlobal
